{
  "version": 4,
  "terraform_version": "1.10.5",
  "serial": 184,
  "lineage": "8a2d5978-f659-4b79-6dc2-a7e5e49b32ce",
  "outputs": {
    "ec2_public_IP": {
      "value": "ec2-18-206-140-246.compute-1.amazonaws.com",
      "type": "string"
    },
    "private_key_pem": {
      "value": "-----BEGIN RSA PRIVATE KEY-----\nMIIJKQIBAAKCAgEA1MZ7dxs/5PH1bv0+gVE7BKUlkY0KvljxM2DnbK7l4NOfQBKV\nzRiN9otfFQ9n8cn0K5Zw+9KZphh/B1U6Eu+zGdoSX0n/U6vZWU0u4/2l7fZxHAWh\n0Wa3I8NNadjfT+V1TZzVKpT89cU2atfuG3/mg/s2EKkr8R510MctNpHAWdqQEGFN\nxMPnLnqBQsvqTMZzQ/lEo9U2Km6pg070+ar5mLgU0O6qKpSwmIWzhPkLS8Seu8dw\n8/ODklt3tBRR933qGiZ4o50FIh1W+eyeZJQ21zGCuEjFvSqncDEXCCKKXv285IkG\nxBASJiN6aLkE+O9b7PiBD4Lhv5ERscQi3e8iG4lW6+byM13+TrJ7BM8+BqHT/B4u\nN1Zw/enVSl2eeqJyLaUSCG3xaGx3dNB2Z5lNMzJgxhqSNc91OVT1JCT3cl8EUx5N\nQx5UmvwMKWwgJiAZMKZ79nNTi4mj9Ut/j6Y6QzEQYIBQaIDTyWrLWWUOtOd1HqWm\nK1jkuPCHq4OTTCwFkELRvYXqrJl1aPVk36ssmkolP3mRvQrQkd9H5D0kBU6r0x2R\nj+pJQlW1PJhePhNQV/uoOmwOvyDwTujuEiluxdd5Bil775ejPnnyrd2e7iCqizdS\nBURSGcWR0zOxfD0TtXkRJmKyARm6k6vdQR5vmtZs/sGxpMOgwSHhS5KKE/0CAwEA\nAQKCAgEAh28LGYYzxlOoqIvzZDbDPTKtVhcTlpNgfBabV9d/pPqurAboaRLPEfYm\ngG48+G9WxwPMSM4FVO7UtGMwQutl8feXqCWeqrCA+VGiniZOnsg1uONw26vouI/Q\nz6XmhqGEZ/GC0cbhuMJd3+YvvjtMDAgzoqk7ug9saIbPJaPibo8rEfINoUgc972s\nV0saiOHsboDUiv/kqV+k8FqqndyRYP8S6OZxVAcu3PaFjQdEhGbTrqzFHdKLlfY4\nnFwuzDzObPS9507D/LH2McDGFTkuKw1tqkVP8BedWlE02s25i7swp7r8noGoO7Rr\nbwsNujIJLi4DYE8ryFbbj25Lzz4uU3VEbryR9606l4WS89wC7Q+I9IFhUsh7ZAKg\nZseD2NtmIeDAxDQj51NVTMdt1GUVbpn1Rjn+mRJtHFcDAYJXotWmO+U/af1weUch\nb3oc/9MCkOXWilYkm+uvrMHaBhQEmxHlubvHp46XRhfDE24U25CfdVwZjT/UYmpF\nyWgrnmzsc8K2uox08b0RnkGOzkFs/hYHpLjrFVZC4Ze7zdS706UyQX9C8GQVokFT\n/OS1kEeuZ3/gDZuMd2XbrWwY43Y58DlMXXYfabcJg/aJPpaySQ4VjUQAnZKHBg/h\nxxWMj2Wym1QYudsmOFO4x3YlV1XS2t8wDzlW2xMGe4rngdVcJ3UCggEBAPTYH0/o\nLKh2J5+RgFb4NONw+Jrx1uwcFTZ/uMIw0QOq1/je4hsTPhP1bD6rtcH0iA1gLUPF\nI1WbZ/A0wwvjqSQtgX7wgJAxUFIEFoIM6UPiGATa1fqVK5S77m71WpcgLp72Cj4/\nycpTVvXLV4Mw4KIcIDGkulm/X/FPGGvqTqs6HCh9fdolMSkK3kAJ2jafm33HNpB5\nYeoTnljIK2faTUgAptmiRs9zVxK9wxpUfMbKdFX1KwZYPgzo+hgDdAEci/0Mrfzg\n4KRDRsXH6LkwyHcVHVdhuI5KI5mfbc0BXdYFOrnhuWwUH2+y+0I9lrImIjoMa4H+\no3q9uk5HXZaYVPMCggEBAN54Tmv9omNoDVjYXLpDkQ7iV2uPkTLY2VJG5i4Vbiu2\nUk9y/F3Nl8071T+Yx0P9FvxNpPnmIoFfoMB7xAjc3bNirmAdHnsADjAJydn2gVd0\nI+1IPTskWEij9CvkHn/jLeUAScQzhLJ4ieGcCVAmkM+0FwWUQgwUG459y1+/+bBT\nXOLRaKblTPucWMWDeg36N2R6S/JFXlEjad1/wV9VRCGDEGtOZzl4hQvCAKi0fUOS\nPEyG9SJHyG4E94ZL1bhZ8YQvJI3O+8ngOObU9qSLaMd8KVjRSufrl+Qu4zYZK5Ot\nhD+fq2NynRKW1c5xDAkEAOYAeBc2t+aO7GFgDecj708CggEAMyvsN2Yd10OCen4N\nZZ/QZeyZeMCsm4IvCMne0m8jb/HH25KxjNkTs1YqvlpizVuPB8SfETflb6HgMjrE\nvPpiwlXkZ6RaKki0Mb/6+Ek8g1yAips1934vspEofvY2bbljJQPlFid8xBVw6kQK\nUTfo6tiX/eggrlsp8SQHxZ4dvPmTIv8/S1VUlfBYjOfCPIJVHA+DnuRPi314LbQA\nJl9goXjJZljdFcRUYW1Zlmor/dwYPlLUICpXJZmXk2c9WnId69A3mM9jA9Gvu+xQ\n/ktsyj6WeEnLKanjENtaNmtfsjg7ktfTSfxWqaCtlKWMlkUUCC/KVEvk3OVER9Hw\nhGXn8wKCAQArdDJVM6CBbDSXMwPBuireTmWm8873sJWaVZDmVXdEgINJU3tp0xug\nkdxQZMYfSJMxyvS7fzEkNgqPLl2XIZUIUfEfgvCOM++RgIf11AlljKDr2x1irPG1\nlpi97fvrHPO89DZ0ZV+5AIRmFfVXu4CzoUiR5WiVNWRAi9+qnzPlNhNBloerecR0\nrRBF3C1+B27EaILnGpeWn6UxB6A8v8nkBdayLwlIl3rdVhKM4VxKU4kFpaLCBGVo\n3/19NNjU/nSHTjIEpPZXcz2KEPTwJO7dcCofWBoafNEZV/M3gOkbGlxnlQeEEEIP\n/Hhcr4YbSLXoNxU964k2NpqDVqDAkitPAoIBAQDkevLLIYpfYOPzqCd2uWSMw9dL\nGSxGPveeqvQ4YGqpLQfNIp/skPsRdOT1WIIjxf8Y0BK1d0lyEpbGuCiJDlamxWHO\nVT0edsMyx3eUz4br9b7OokL3vwi6DAf0EuZdFQK1Dc8RbvJj6ZEeyuLsxCnocv9C\ndzehTT7JFZOq1qJOhNzAtT4dlMv4wgra82hd5y9/xTLPJwfVZ+yz0Tt6d6/rdxhX\nmibV0rgSZc7EYfKLotbPz068IdmWYCzNt7ZzCmX8Go/WT48zD63y8z4HQiSBTT1w\nmA3s9NIFQWlXbcQ58X6qMTtN5Bp1PQGi5KQGIbeXV/oPkmsQXhtOfnfauTvc\n-----END RSA PRIVATE KEY-----\n",
      "type": "string",
      "sensitive": true
    }
  },
  "resources": [
    {
      "mode": "data",
      "type": "aws_ami",
      "name": "ubuntu_latest",
      "provider": "provider[\"registry.terraform.io/hashicorp/aws\"]",
      "instances": [
        {
          "schema_version": 0,
          "attributes": {
            "architecture": "x86_64",
            "arn": "arn:aws:ec2:us-east-1::image/ami-007f35e81392786a4",
            "block_device_mappings": [
              {
                "device_name": "/dev/sda1",
                "ebs": {
                  "delete_on_termination": "true",
                  "encrypted": "false",
                  "iops": "0",
                  "snapshot_id": "snap-0fbb0afdd66b4f257",
                  "throughput": "0",
                  "volume_size": "8",
                  "volume_type": "gp2"
                },
                "no_device": "",
                "virtual_name": ""
              },
              {
                "device_name": "/dev/sdb",
                "ebs": {},
                "no_device": "",
                "virtual_name": "ephemeral0"
              },
              {
                "device_name": "/dev/sdc",
                "ebs": {},
                "no_device": "",
                "virtual_name": "ephemeral1"
              }
            ],
            "boot_mode": "legacy-bios",
            "creation_date": "2025-02-10T22:44:07.000Z",
            "deprecation_time": "2027-02-10T22:44:07.000Z",
            "description": "Canonical, Ubuntu, 20.04, amd64 focal image",
            "ena_support": true,
            "executable_users": null,
            "filter": [
              {
                "name": "architecture",
                "values": [
                  "x86_64"
                ]
              },
              {
                "name": "name",
                "values": [
                  "ubuntu/images/hvm-ssd/ubuntu-focal-20.04-amd64-server-*"
                ]
              },
              {
                "name": "virtualization-type",
                "values": [
                  "hvm"
                ]
              }
            ],
            "hypervisor": "xen",
            "id": "ami-007f35e81392786a4",
            "image_id": "ami-007f35e81392786a4",
            "image_location": "amazon/ubuntu/images/hvm-ssd/ubuntu-focal-20.04-amd64-server-20250210",
            "image_owner_alias": "amazon",
            "image_type": "machine",
            "imds_support": "",
            "include_deprecated": false,
            "kernel_id": "",
            "most_recent": true,
            "name": "ubuntu/images/hvm-ssd/ubuntu-focal-20.04-amd64-server-20250210",
            "name_regex": null,
            "owner_id": "099720109477",
            "owners": [
              "099720109477"
            ],
            "platform": "",
            "platform_details": "Linux/UNIX",
            "product_codes": [],
            "public": true,
            "ramdisk_id": "",
            "root_device_name": "/dev/sda1",
            "root_device_type": "ebs",
            "root_snapshot_id": "snap-0fbb0afdd66b4f257",
            "sriov_net_support": "simple",
            "state": "available",
            "state_reason": {
              "code": "UNSET",
              "message": "UNSET"
            },
            "tags": {},
            "timeouts": null,
            "tpm_support": "",
            "uefi_data": null,
            "usage_operation": "RunInstances",
            "virtualization_type": "hvm"
          },
          "sensitive_attributes": []
        }
      ]
    },
    {
      "mode": "data",
      "type": "http",
      "name": "myip",
      "provider": "provider[\"registry.terraform.io/hashicorp/http\"]",
      "instances": [
        {
          "schema_version": 0,
          "attributes": {
            "body": "167.103.20.81\n",
            "ca_cert_pem": null,
            "id": "https://ipv4.icanhazip.com",
            "insecure": null,
            "method": null,
            "request_body": null,
            "request_headers": null,
            "request_timeout_ms": null,
            "response_body": "167.103.20.81\n",
            "response_body_base64": "MTY3LjEwMy4yMC44MQo=",
            "response_headers": {
              "Access-Control-Allow-Methods": "GET",
              "Access-Control-Allow-Origin": "*",
              "Alt-Svc": "h3=\":443\"; ma=86400",
              "Cf-Ray": "913337f168f031b7-BOM",
              "Content-Length": "14",
              "Content-Type": "text/plain",
              "Date": "Mon, 17 Feb 2025 05:01:16 GMT",
              "Server": "cloudflare",
              "Set-Cookie": "__cf_bm=aBCPlXlApqgFECpe0C7oa_YFo1s2TykZTTk_25Xj5Ug-1739768476-1.0.1.1-qNehNvyHOviiVrq8NDPqmstUTuESGVtEStRUai1M5TkO2S5rnjDg3NheZIGKF3LyqzotnSjI1N7oRJaYX4GOEg; path=/; expires=Mon, 17-Feb-25 05:31:16 GMT; domain=.icanhazip.com; HttpOnly; Secure; SameSite=None",
              "Vary": "Accept-Encoding"
            },
            "retry": null,
            "status_code": 200,
            "url": "https://ipv4.icanhazip.com"
          },
          "sensitive_attributes": []
        }
      ]
    },
    {
      "mode": "managed",
      "type": "aws_iam_instance_profile",
      "name": "Jenkins-master-instance-role",
      "provider": "provider[\"registry.terraform.io/hashicorp/aws\"]",
      "instances": [
        {
          "schema_version": 0,
          "attributes": {
            "arn": "arn:aws:iam::905418296309:instance-profile/Jenkins-master-full-access-profile",
            "create_date": "2025-02-17T05:01:26Z",
            "id": "Jenkins-master-full-access-profile",
            "name": "Jenkins-master-full-access-profile",
            "name_prefix": "",
            "path": "/",
            "role": "Jenkins-master-role",
            "tags": null,
            "tags_all": {},
            "unique_id": "AIPA5FTZCZP2WT6REFEYS"
          },
          "sensitive_attributes": [],
          "private": "bnVsbA==",
          "dependencies": [
            "aws_iam_role.Jenkins-master-role",
            "aws_iam_role_policy_attachment.Administrationaccess"
          ]
        }
      ]
    },
    {
      "mode": "managed",
      "type": "aws_iam_role",
      "name": "Jenkins-master-role",
      "provider": "provider[\"registry.terraform.io/hashicorp/aws\"]",
      "instances": [
        {
          "schema_version": 0,
          "attributes": {
            "arn": "arn:aws:iam::905418296309:role/Jenkins-master-role",
            "assume_role_policy": "{\"Statement\":[{\"Action\":\"sts:AssumeRole\",\"Effect\":\"Allow\",\"Principal\":{\"Service\":\"ec2.amazonaws.com\"}}],\"Version\":\"2012-10-17\"}",
            "create_date": "2025-02-17T05:01:24Z",
            "description": "",
            "force_detach_policies": false,
            "id": "Jenkins-master-role",
            "inline_policy": [],
            "managed_policy_arns": [],
            "max_session_duration": 3600,
            "name": "Jenkins-master-role",
            "name_prefix": "",
            "path": "/",
            "permissions_boundary": "",
            "tags": {
              "Name": "Jenkins-master",
              "Purpose": "Learning",
              "createdBy": "Mahesh",
              "creationdate": "2025-02-17"
            },
            "tags_all": {
              "Name": "Jenkins-master",
              "Purpose": "Learning",
              "createdBy": "Mahesh",
              "creationdate": "2025-02-17"
            },
            "unique_id": "AROA5FTZCZP2WDWC7HFFR"
          },
          "sensitive_attributes": [],
          "private": "bnVsbA=="
        }
      ]
    },
    {
      "mode": "managed",
      "type": "aws_iam_role_policy_attachment",
      "name": "Administrationaccess",
      "provider": "provider[\"registry.terraform.io/hashicorp/aws\"]",
      "instances": [
        {
          "schema_version": 0,
          "attributes": {
            "id": "Jenkins-master-role-20250217050125988700000001",
            "policy_arn": "arn:aws:iam::aws:policy/AdministratorAccess",
            "role": "Jenkins-master-role"
          },
          "sensitive_attributes": [],
          "private": "bnVsbA==",
          "dependencies": [
            "aws_iam_role.Jenkins-master-role"
          ]
        }
      ]
    },
    {
      "mode": "managed",
      "type": "aws_instance",
      "name": "jenkins-master",
      "provider": "provider[\"registry.terraform.io/hashicorp/aws\"]",
      "instances": [
        {
          "status": "tainted",
          "schema_version": 1,
          "attributes": {
            "ami": "ami-007f35e81392786a4",
            "arn": "arn:aws:ec2:us-east-1:905418296309:instance/i-027a07509ab7f231d",
            "associate_public_ip_address": true,
            "availability_zone": "us-east-1a",
            "capacity_reservation_specification": [
              {
                "capacity_reservation_preference": "open",
                "capacity_reservation_target": []
              }
            ],
            "cpu_core_count": 1,
            "cpu_options": [
              {
                "amd_sev_snp": "",
                "core_count": 1,
                "threads_per_core": 2
              }
            ],
            "cpu_threads_per_core": 2,
            "credit_specification": [],
            "disable_api_stop": false,
            "disable_api_termination": false,
            "ebs_block_device": [],
            "ebs_optimized": false,
            "enable_primary_ipv6": null,
            "enclave_options": [
              {
                "enabled": false
              }
            ],
            "ephemeral_block_device": [],
            "get_password_data": false,
            "hibernation": false,
            "host_id": "",
            "host_resource_group_arn": null,
            "iam_instance_profile": "Jenkins-master-full-access-profile",
            "id": "i-027a07509ab7f231d",
            "instance_initiated_shutdown_behavior": "stop",
            "instance_lifecycle": "",
            "instance_market_options": [],
            "instance_state": "running",
            "instance_type": "m5.large",
            "ipv6_address_count": 0,
            "ipv6_addresses": [],
            "key_name": "Jenkins-master",
            "launch_template": [],
            "maintenance_options": [
              {
                "auto_recovery": "default"
              }
            ],
            "metadata_options": [
              {
                "http_endpoint": "enabled",
                "http_protocol_ipv6": "disabled",
                "http_put_response_hop_limit": 1,
                "http_tokens": "optional",
                "instance_metadata_tags": "disabled"
              }
            ],
            "monitoring": false,
            "network_interface": [],
            "outpost_arn": "",
            "password_data": "",
            "placement_group": "",
            "placement_partition_number": 0,
            "primary_network_interface_id": "eni-000064ad86ea74832",
            "private_dns": "ip-176-0-0-75.ec2.internal",
            "private_dns_name_options": [
              {
                "enable_resource_name_dns_a_record": false,
                "enable_resource_name_dns_aaaa_record": false,
                "hostname_type": "ip-name"
              }
            ],
            "private_ip": "176.0.0.75",
            "public_dns": "ec2-34-204-89-117.compute-1.amazonaws.com",
            "public_ip": "34.204.89.117",
            "root_block_device": [
              {
                "delete_on_termination": true,
                "device_name": "/dev/sda1",
                "encrypted": true,
                "iops": 3000,
                "kms_key_id": "arn:aws:kms:us-east-1:905418296309:key/4d0f191f-2980-4336-9d6b-60c78a1e7d91",
                "tags": null,
                "tags_all": {},
                "throughput": 125,
                "volume_id": "vol-0100da62d6743539d",
                "volume_size": 64,
                "volume_type": "gp3"
              }
            ],
            "secondary_private_ips": [],
            "security_groups": [],
            "source_dest_check": true,
            "spot_instance_request_id": "",
            "subnet_id": "subnet-08f9a7c980a85e296",
            "tags": {
              "Name": "Jenkins-master",
              "Purpose": "Learning",
              "createdBy": "Mahesh",
              "creationdate": "2025-02-17"
            },
            "tags_all": {
              "Name": "Jenkins-master",
              "Purpose": "Learning",
              "createdBy": "Mahesh",
              "creationdate": "2025-02-17"
            },
            "tenancy": "default",
            "timeouts": null,
            "user_data": null,
            "user_data_base64": null,
            "user_data_replace_on_change": false,
            "volume_tags": null,
            "vpc_security_group_ids": [
              "sg-05089a15d8ce70745"
            ]
          },
          "sensitive_attributes": [],
          "private": "eyJlMmJmYjczMC1lY2FhLTExZTYtOGY4OC0zNDM2M2JjN2M0YzAiOnsiY3JlYXRlIjo2MDAwMDAwMDAwMDAsImRlbGV0ZSI6MTIwMDAwMDAwMDAwMCwicmVhZCI6OTAwMDAwMDAwMDAwLCJ1cGRhdGUiOjYwMDAwMDAwMDAwMH0sInNjaGVtYV92ZXJzaW9uIjoiMSJ9",
          "dependencies": [
            "aws_iam_instance_profile.Jenkins-master-instance-role",
            "aws_iam_role.Jenkins-master-role",
            "aws_iam_role_policy_attachment.Administrationaccess",
            "aws_key_pair.Jenkins-master",
            "aws_security_group.Jenkins-master-sg",
            "aws_subnet.Jenkins-master-public",
            "aws_vpc.Jenkins-master",
            "data.aws_ami.ubuntu_latest",
            "tls_private_key.Jenkins-master"
          ]
        }
      ]
    },
    {
      "mode": "managed",
      "type": "aws_internet_gateway",
      "name": "Jenkins-master-internet-gw",
      "provider": "provider[\"registry.terraform.io/hashicorp/aws\"]",
      "instances": [
        {
          "schema_version": 0,
          "attributes": {
            "arn": "arn:aws:ec2:us-east-1:905418296309:internet-gateway/igw-0d3c037711ea54a08",
            "id": "igw-0d3c037711ea54a08",
            "owner_id": "905418296309",
            "tags": {
              "Name": "Jenkins-master",
              "Purpose": "Learning",
              "createdBy": "Mahesh",
              "creationdate": "2025-02-17"
            },
            "tags_all": {
              "Name": "Jenkins-master",
              "Purpose": "Learning",
              "createdBy": "Mahesh",
              "creationdate": "2025-02-17"
            },
            "timeouts": null,
            "vpc_id": "vpc-0d4ec2cf86caad318"
          },
          "sensitive_attributes": [],
          "private": "eyJlMmJmYjczMC1lY2FhLTExZTYtOGY4OC0zNDM2M2JjN2M0YzAiOnsiY3JlYXRlIjoxMjAwMDAwMDAwMDAwLCJkZWxldGUiOjEyMDAwMDAwMDAwMDAsInVwZGF0ZSI6MTIwMDAwMDAwMDAwMH19",
          "dependencies": [
            "aws_vpc.Jenkins-master"
          ]
        }
      ]
    },
    {
      "mode": "managed",
      "type": "aws_key_pair",
      "name": "Jenkins-master",
      "provider": "provider[\"registry.terraform.io/hashicorp/aws\"]",
      "instances": [
        {
          "schema_version": 1,
          "attributes": {
            "arn": "arn:aws:ec2:us-east-1:905418296309:key-pair/Jenkins-master",
            "fingerprint": "45:2c:4b:8d:ed:37:ba:98:43:45:9f:93:35:68:df:84",
            "id": "Jenkins-master",
            "key_name": "Jenkins-master",
            "key_name_prefix": "",
            "key_pair_id": "key-09aed4863a8b252e7",
            "key_type": "rsa",
            "public_key": "ssh-rsa AAAAB3NzaC1yc2EAAAADAQABAAACAQDUxnt3Gz/k8fVu/T6BUTsEpSWRjQq+WPEzYOdsruXg059AEpXNGI32i18VD2fxyfQrlnD70pmmGH8HVToS77MZ2hJfSf9Tq9lZTS7j/aXt9nEcBaHRZrcjw01p2N9P5XVNnNUqlPz1xTZq1+4bf+aD+zYQqSvxHnXQxy02kcBZ2pAQYU3Ew+cueoFCy+pMxnND+USj1TYqbqmDTvT5qvmYuBTQ7qoqlLCYhbOE+QtLxJ67x3Dz84OSW3e0FFH3feoaJnijnQUiHVb57J5klDbXMYK4SMW9KqdwMRcIIope/bzkiQbEEBImI3pouQT471vs+IEPguG/kRGxxCLd7yIbiVbr5vIzXf5OsnsEzz4GodP8Hi43VnD96dVKXZ56onItpRIIbfFobHd00HZnmU0zMmDGGpI1z3U5VPUkJPdyXwRTHk1DHlSa/AwpbCAmIBkwpnv2c1OLiaP1S3+PpjpDMRBggFBogNPJastZZQ6053UepaYrWOS48Ierg5NMLAWQQtG9heqsmXVo9WTfqyyaSiU/eZG9CtCR30fkPSQFTqvTHZGP6klCVbU8mF4+E1BX+6g6bA6/IPBO6O4SKW7F13kGKXvvl6M+efKt3Z7uIKqLN1IFRFIZxZHTM7F8PRO1eREmYrIBGbqTq91BHm+a1mz+wbGkw6DBIeFLkooT/Q==",
            "tags": null,
            "tags_all": {}
          },
          "sensitive_attributes": [],
          "private": "eyJzY2hlbWFfdmVyc2lvbiI6IjEifQ==",
          "dependencies": [
            "tls_private_key.Jenkins-master"
          ]
        }
      ]
    },
    {
      "mode": "managed",
      "type": "aws_route_table",
      "name": "public",
      "provider": "provider[\"registry.terraform.io/hashicorp/aws\"]",
      "instances": [
        {
          "schema_version": 0,
          "attributes": {
            "arn": "arn:aws:ec2:us-east-1:905418296309:route-table/rtb-0e2ebfaaccadcaa8f",
            "id": "rtb-0e2ebfaaccadcaa8f",
            "owner_id": "905418296309",
            "propagating_vgws": [],
            "route": [
              {
                "carrier_gateway_id": "",
                "cidr_block": "0.0.0.0/0",
                "core_network_arn": "",
                "destination_prefix_list_id": "",
                "egress_only_gateway_id": "",
                "gateway_id": "igw-0d3c037711ea54a08",
                "ipv6_cidr_block": "",
                "local_gateway_id": "",
                "nat_gateway_id": "",
                "network_interface_id": "",
                "transit_gateway_id": "",
                "vpc_endpoint_id": "",
                "vpc_peering_connection_id": ""
              }
            ],
            "tags": {
              "Name": "Jenkins-master",
              "Purpose": "Learning",
              "createdBy": "Mahesh",
              "creationdate": "2025-02-17"
            },
            "tags_all": {
              "Name": "Jenkins-master",
              "Purpose": "Learning",
              "createdBy": "Mahesh",
              "creationdate": "2025-02-17"
            },
            "timeouts": null,
            "vpc_id": "vpc-0d4ec2cf86caad318"
          },
          "sensitive_attributes": [],
          "private": "eyJlMmJmYjczMC1lY2FhLTExZTYtOGY4OC0zNDM2M2JjN2M0YzAiOnsiY3JlYXRlIjozMDAwMDAwMDAwMDAsImRlbGV0ZSI6MzAwMDAwMDAwMDAwLCJ1cGRhdGUiOjEyMDAwMDAwMDAwMH19",
          "dependencies": [
            "aws_internet_gateway.Jenkins-master-internet-gw",
            "aws_vpc.Jenkins-master"
          ]
        }
      ]
    },
    {
      "mode": "managed",
      "type": "aws_route_table_association",
      "name": "public",
      "provider": "provider[\"registry.terraform.io/hashicorp/aws\"]",
      "instances": [
        {
          "schema_version": 0,
          "attributes": {
            "gateway_id": "",
            "id": "rtbassoc-003bc8fd43257ae09",
            "route_table_id": "rtb-0e2ebfaaccadcaa8f",
            "subnet_id": "subnet-08f9a7c980a85e296",
            "timeouts": null
          },
          "sensitive_attributes": [],
          "private": "eyJlMmJmYjczMC1lY2FhLTExZTYtOGY4OC0zNDM2M2JjN2M0YzAiOnsiY3JlYXRlIjozMDAwMDAwMDAwMDAsImRlbGV0ZSI6MzAwMDAwMDAwMDAwLCJ1cGRhdGUiOjEyMDAwMDAwMDAwMH19",
          "dependencies": [
            "aws_internet_gateway.Jenkins-master-internet-gw",
            "aws_route_table.public",
            "aws_subnet.Jenkins-master-public",
            "aws_vpc.Jenkins-master"
          ]
        }
      ]
    },
    {
      "mode": "managed",
      "type": "aws_security_group",
      "name": "Jenkins-master-sg",
      "provider": "provider[\"registry.terraform.io/hashicorp/aws\"]",
      "instances": [
        {
          "schema_version": 1,
          "attributes": {
            "arn": "arn:aws:ec2:us-east-1:905418296309:security-group/sg-05089a15d8ce70745",
            "description": "Allow TLS inbound traffic and all outbound traffic",
            "egress": [],
            "id": "sg-05089a15d8ce70745",
            "ingress": [],
            "name": "jenkins-master",
            "name_prefix": "",
            "owner_id": "905418296309",
            "revoke_rules_on_delete": false,
            "tags": {
              "Name": "Jenkins-master",
              "Purpose": "Learning",
              "createdBy": "Mahesh",
              "creationdate": "2025-02-17"
            },
            "tags_all": {
              "Name": "Jenkins-master",
              "Purpose": "Learning",
              "createdBy": "Mahesh",
              "creationdate": "2025-02-17"
            },
            "timeouts": null,
            "vpc_id": "vpc-0d4ec2cf86caad318"
          },
          "sensitive_attributes": [],
          "private": "eyJlMmJmYjczMC1lY2FhLTExZTYtOGY4OC0zNDM2M2JjN2M0YzAiOnsiY3JlYXRlIjo2MDAwMDAwMDAwMDAsImRlbGV0ZSI6OTAwMDAwMDAwMDAwfSwic2NoZW1hX3ZlcnNpb24iOiIxIn0=",
          "dependencies": [
            "aws_vpc.Jenkins-master"
          ]
        }
      ]
    },
    {
      "mode": "managed",
      "type": "aws_subnet",
      "name": "Jenkins-master-public",
      "provider": "provider[\"registry.terraform.io/hashicorp/aws\"]",
      "instances": [
        {
          "schema_version": 1,
          "attributes": {
            "arn": "arn:aws:ec2:us-east-1:905418296309:subnet/subnet-08f9a7c980a85e296",
            "assign_ipv6_address_on_creation": false,
            "availability_zone": "us-east-1a",
            "availability_zone_id": "use1-az6",
            "cidr_block": "176.0.0.0/25",
            "customer_owned_ipv4_pool": "",
            "enable_dns64": false,
            "enable_lni_at_device_index": 0,
            "enable_resource_name_dns_a_record_on_launch": false,
            "enable_resource_name_dns_aaaa_record_on_launch": false,
            "id": "subnet-08f9a7c980a85e296",
            "ipv6_cidr_block": "",
            "ipv6_cidr_block_association_id": "",
            "ipv6_native": false,
            "map_customer_owned_ip_on_launch": false,
            "map_public_ip_on_launch": false,
            "outpost_arn": "",
            "owner_id": "905418296309",
            "private_dns_hostname_type_on_launch": "ip-name",
            "tags": {
              "Name": "Jenkins-master",
              "Purpose": "Learning",
              "createdBy": "Mahesh",
              "creationdate": "2025-02-17"
            },
            "tags_all": {
              "Name": "Jenkins-master",
              "Purpose": "Learning",
              "createdBy": "Mahesh",
              "creationdate": "2025-02-17"
            },
            "timeouts": null,
            "vpc_id": "vpc-0d4ec2cf86caad318"
          },
          "sensitive_attributes": [],
          "private": "eyJlMmJmYjczMC1lY2FhLTExZTYtOGY4OC0zNDM2M2JjN2M0YzAiOnsiY3JlYXRlIjo2MDAwMDAwMDAwMDAsImRlbGV0ZSI6MTIwMDAwMDAwMDAwMH0sInNjaGVtYV92ZXJzaW9uIjoiMSJ9",
          "dependencies": [
            "aws_vpc.Jenkins-master"
          ]
        }
      ]
    },
    {
      "mode": "managed",
      "type": "aws_vpc",
      "name": "Jenkins-master",
      "provider": "provider[\"registry.terraform.io/hashicorp/aws\"]",
      "instances": [
        {
          "schema_version": 1,
          "attributes": {
            "arn": "arn:aws:ec2:us-east-1:905418296309:vpc/vpc-0d4ec2cf86caad318",
            "assign_generated_ipv6_cidr_block": false,
            "cidr_block": "176.0.0.0/16",
            "default_network_acl_id": "acl-00a79dd04921a45d2",
            "default_route_table_id": "rtb-03cf9ed1e040c783b",
            "default_security_group_id": "sg-0bfcc06cdf2a70612",
            "dhcp_options_id": "dopt-07a39030d2cb693d3",
            "enable_dns_hostnames": true,
            "enable_dns_support": true,
            "enable_network_address_usage_metrics": false,
            "id": "vpc-0d4ec2cf86caad318",
            "instance_tenancy": "default",
            "ipv4_ipam_pool_id": null,
            "ipv4_netmask_length": null,
            "ipv6_association_id": "",
            "ipv6_cidr_block": "",
            "ipv6_cidr_block_network_border_group": "",
            "ipv6_ipam_pool_id": "",
            "ipv6_netmask_length": 0,
            "main_route_table_id": "rtb-03cf9ed1e040c783b",
            "owner_id": "905418296309",
            "tags": {
              "Name": "Jenkins-master",
              "Purpose": "Learning",
              "createdBy": "Mahesh",
              "creationdate": "2025-02-17"
            },
            "tags_all": {
              "Name": "Jenkins-master",
              "Purpose": "Learning",
              "createdBy": "Mahesh",
              "creationdate": "2025-02-17"
            }
          },
          "sensitive_attributes": [],
          "private": "eyJzY2hlbWFfdmVyc2lvbiI6IjEifQ=="
        }
      ]
    },
    {
      "mode": "managed",
      "type": "aws_vpc_security_group_egress_rule",
      "name": "allow_all_traffic_ipv4",
      "provider": "provider[\"registry.terraform.io/hashicorp/aws\"]",
      "instances": [
        {
          "schema_version": 0,
          "attributes": {
            "arn": "arn:aws:ec2:us-east-1:905418296309:security-group-rule/sgr-0a3518a30459b3280",
            "cidr_ipv4": "0.0.0.0/0",
            "cidr_ipv6": null,
            "description": null,
            "from_port": null,
            "id": "sgr-0a3518a30459b3280",
            "ip_protocol": "-1",
            "prefix_list_id": null,
            "referenced_security_group_id": null,
            "security_group_id": "sg-05089a15d8ce70745",
            "security_group_rule_id": "sgr-0a3518a30459b3280",
            "tags": null,
            "tags_all": {},
            "to_port": null
          },
          "sensitive_attributes": [],
          "dependencies": [
            "aws_security_group.Jenkins-master-sg",
            "aws_vpc.Jenkins-master"
          ]
        }
      ]
    },
    {
      "mode": "managed",
      "type": "aws_vpc_security_group_ingress_rule",
      "name": "allow_tls_ipv4",
      "provider": "provider[\"registry.terraform.io/hashicorp/aws\"]",
      "instances": [
        {
          "index_key": "0",
          "schema_version": 0,
          "attributes": {
            "arn": "arn:aws:ec2:us-east-1:905418296309:security-group-rule/sgr-0117df1df22451c40",
            "cidr_ipv4": "167.103.20.81/32",
            "cidr_ipv6": null,
            "description": null,
            "from_port": 80,
            "id": "sgr-0117df1df22451c40",
            "ip_protocol": "tcp",
            "prefix_list_id": null,
            "referenced_security_group_id": null,
            "security_group_id": "sg-05089a15d8ce70745",
            "security_group_rule_id": "sgr-0117df1df22451c40",
            "tags": null,
            "tags_all": {},
            "to_port": 80
          },
          "sensitive_attributes": [],
          "dependencies": [
            "aws_security_group.Jenkins-master-sg",
            "aws_vpc.Jenkins-master",
            "data.http.myip"
          ]
        },
        {
          "index_key": "1",
          "schema_version": 0,
          "attributes": {
            "arn": "arn:aws:ec2:us-east-1:905418296309:security-group-rule/sgr-0a4f556513d953893",
            "cidr_ipv4": "167.103.20.81/32",
            "cidr_ipv6": null,
            "description": null,
            "from_port": 8080,
            "id": "sgr-0a4f556513d953893",
            "ip_protocol": "tcp",
            "prefix_list_id": null,
            "referenced_security_group_id": null,
            "security_group_id": "sg-05089a15d8ce70745",
            "security_group_rule_id": "sgr-0a4f556513d953893",
            "tags": null,
            "tags_all": {},
            "to_port": 8080
          },
          "sensitive_attributes": [],
          "dependencies": [
            "aws_security_group.Jenkins-master-sg",
            "aws_vpc.Jenkins-master",
            "data.http.myip"
          ]
        },
        {
          "index_key": "2",
          "schema_version": 0,
          "attributes": {
            "arn": "arn:aws:ec2:us-east-1:905418296309:security-group-rule/sgr-0878fe76da1d83778",
            "cidr_ipv4": "167.103.20.81/32",
            "cidr_ipv6": null,
            "description": null,
            "from_port": 22,
            "id": "sgr-0878fe76da1d83778",
            "ip_protocol": "tcp",
            "prefix_list_id": null,
            "referenced_security_group_id": null,
            "security_group_id": "sg-05089a15d8ce70745",
            "security_group_rule_id": "sgr-0878fe76da1d83778",
            "tags": null,
            "tags_all": {},
            "to_port": 80
          },
          "sensitive_attributes": [],
          "dependencies": [
            "aws_security_group.Jenkins-master-sg",
            "aws_vpc.Jenkins-master",
            "data.http.myip"
          ]
        }
      ]
    },
    {
      "mode": "managed",
      "type": "local_file",
      "name": "Jenkins-master",
      "provider": "provider[\"registry.terraform.io/hashicorp/local\"]",
      "instances": [
        {
          "schema_version": 0,
          "attributes": {
            "content": "-----BEGIN RSA PRIVATE KEY-----\nMIIJKQIBAAKCAgEA1MZ7dxs/5PH1bv0+gVE7BKUlkY0KvljxM2DnbK7l4NOfQBKV\nzRiN9otfFQ9n8cn0K5Zw+9KZphh/B1U6Eu+zGdoSX0n/U6vZWU0u4/2l7fZxHAWh\n0Wa3I8NNadjfT+V1TZzVKpT89cU2atfuG3/mg/s2EKkr8R510MctNpHAWdqQEGFN\nxMPnLnqBQsvqTMZzQ/lEo9U2Km6pg070+ar5mLgU0O6qKpSwmIWzhPkLS8Seu8dw\n8/ODklt3tBRR933qGiZ4o50FIh1W+eyeZJQ21zGCuEjFvSqncDEXCCKKXv285IkG\nxBASJiN6aLkE+O9b7PiBD4Lhv5ERscQi3e8iG4lW6+byM13+TrJ7BM8+BqHT/B4u\nN1Zw/enVSl2eeqJyLaUSCG3xaGx3dNB2Z5lNMzJgxhqSNc91OVT1JCT3cl8EUx5N\nQx5UmvwMKWwgJiAZMKZ79nNTi4mj9Ut/j6Y6QzEQYIBQaIDTyWrLWWUOtOd1HqWm\nK1jkuPCHq4OTTCwFkELRvYXqrJl1aPVk36ssmkolP3mRvQrQkd9H5D0kBU6r0x2R\nj+pJQlW1PJhePhNQV/uoOmwOvyDwTujuEiluxdd5Bil775ejPnnyrd2e7iCqizdS\nBURSGcWR0zOxfD0TtXkRJmKyARm6k6vdQR5vmtZs/sGxpMOgwSHhS5KKE/0CAwEA\nAQKCAgEAh28LGYYzxlOoqIvzZDbDPTKtVhcTlpNgfBabV9d/pPqurAboaRLPEfYm\ngG48+G9WxwPMSM4FVO7UtGMwQutl8feXqCWeqrCA+VGiniZOnsg1uONw26vouI/Q\nz6XmhqGEZ/GC0cbhuMJd3+YvvjtMDAgzoqk7ug9saIbPJaPibo8rEfINoUgc972s\nV0saiOHsboDUiv/kqV+k8FqqndyRYP8S6OZxVAcu3PaFjQdEhGbTrqzFHdKLlfY4\nnFwuzDzObPS9507D/LH2McDGFTkuKw1tqkVP8BedWlE02s25i7swp7r8noGoO7Rr\nbwsNujIJLi4DYE8ryFbbj25Lzz4uU3VEbryR9606l4WS89wC7Q+I9IFhUsh7ZAKg\nZseD2NtmIeDAxDQj51NVTMdt1GUVbpn1Rjn+mRJtHFcDAYJXotWmO+U/af1weUch\nb3oc/9MCkOXWilYkm+uvrMHaBhQEmxHlubvHp46XRhfDE24U25CfdVwZjT/UYmpF\nyWgrnmzsc8K2uox08b0RnkGOzkFs/hYHpLjrFVZC4Ze7zdS706UyQX9C8GQVokFT\n/OS1kEeuZ3/gDZuMd2XbrWwY43Y58DlMXXYfabcJg/aJPpaySQ4VjUQAnZKHBg/h\nxxWMj2Wym1QYudsmOFO4x3YlV1XS2t8wDzlW2xMGe4rngdVcJ3UCggEBAPTYH0/o\nLKh2J5+RgFb4NONw+Jrx1uwcFTZ/uMIw0QOq1/je4hsTPhP1bD6rtcH0iA1gLUPF\nI1WbZ/A0wwvjqSQtgX7wgJAxUFIEFoIM6UPiGATa1fqVK5S77m71WpcgLp72Cj4/\nycpTVvXLV4Mw4KIcIDGkulm/X/FPGGvqTqs6HCh9fdolMSkK3kAJ2jafm33HNpB5\nYeoTnljIK2faTUgAptmiRs9zVxK9wxpUfMbKdFX1KwZYPgzo+hgDdAEci/0Mrfzg\n4KRDRsXH6LkwyHcVHVdhuI5KI5mfbc0BXdYFOrnhuWwUH2+y+0I9lrImIjoMa4H+\no3q9uk5HXZaYVPMCggEBAN54Tmv9omNoDVjYXLpDkQ7iV2uPkTLY2VJG5i4Vbiu2\nUk9y/F3Nl8071T+Yx0P9FvxNpPnmIoFfoMB7xAjc3bNirmAdHnsADjAJydn2gVd0\nI+1IPTskWEij9CvkHn/jLeUAScQzhLJ4ieGcCVAmkM+0FwWUQgwUG459y1+/+bBT\nXOLRaKblTPucWMWDeg36N2R6S/JFXlEjad1/wV9VRCGDEGtOZzl4hQvCAKi0fUOS\nPEyG9SJHyG4E94ZL1bhZ8YQvJI3O+8ngOObU9qSLaMd8KVjRSufrl+Qu4zYZK5Ot\nhD+fq2NynRKW1c5xDAkEAOYAeBc2t+aO7GFgDecj708CggEAMyvsN2Yd10OCen4N\nZZ/QZeyZeMCsm4IvCMne0m8jb/HH25KxjNkTs1YqvlpizVuPB8SfETflb6HgMjrE\nvPpiwlXkZ6RaKki0Mb/6+Ek8g1yAips1934vspEofvY2bbljJQPlFid8xBVw6kQK\nUTfo6tiX/eggrlsp8SQHxZ4dvPmTIv8/S1VUlfBYjOfCPIJVHA+DnuRPi314LbQA\nJl9goXjJZljdFcRUYW1Zlmor/dwYPlLUICpXJZmXk2c9WnId69A3mM9jA9Gvu+xQ\n/ktsyj6WeEnLKanjENtaNmtfsjg7ktfTSfxWqaCtlKWMlkUUCC/KVEvk3OVER9Hw\nhGXn8wKCAQArdDJVM6CBbDSXMwPBuireTmWm8873sJWaVZDmVXdEgINJU3tp0xug\nkdxQZMYfSJMxyvS7fzEkNgqPLl2XIZUIUfEfgvCOM++RgIf11AlljKDr2x1irPG1\nlpi97fvrHPO89DZ0ZV+5AIRmFfVXu4CzoUiR5WiVNWRAi9+qnzPlNhNBloerecR0\nrRBF3C1+B27EaILnGpeWn6UxB6A8v8nkBdayLwlIl3rdVhKM4VxKU4kFpaLCBGVo\n3/19NNjU/nSHTjIEpPZXcz2KEPTwJO7dcCofWBoafNEZV/M3gOkbGlxnlQeEEEIP\n/Hhcr4YbSLXoNxU964k2NpqDVqDAkitPAoIBAQDkevLLIYpfYOPzqCd2uWSMw9dL\nGSxGPveeqvQ4YGqpLQfNIp/skPsRdOT1WIIjxf8Y0BK1d0lyEpbGuCiJDlamxWHO\nVT0edsMyx3eUz4br9b7OokL3vwi6DAf0EuZdFQK1Dc8RbvJj6ZEeyuLsxCnocv9C\ndzehTT7JFZOq1qJOhNzAtT4dlMv4wgra82hd5y9/xTLPJwfVZ+yz0Tt6d6/rdxhX\nmibV0rgSZc7EYfKLotbPz068IdmWYCzNt7ZzCmX8Go/WT48zD63y8z4HQiSBTT1w\nmA3s9NIFQWlXbcQ58X6qMTtN5Bp1PQGi5KQGIbeXV/oPkmsQXhtOfnfauTvc\n-----END RSA PRIVATE KEY-----\n",
            "content_base64": null,
            "content_base64sha256": "FuY5vwVldN7+7zZBezPk1iwKmbrZLMgO3puXY9qLqL0=",
            "content_base64sha512": "3h/FzSVFe8MELhVDvG1AstPH4BCln0Rf4GZKtOQiBeqRyi0Wk43g3iZV+9SyMsp+kygTL4UL359A/k9qiSGtvg==",
            "content_md5": "2ed306e7f71816c59dc2d4838703831f",
            "content_sha1": "7b2f8f1a4fa076d2192aa07b0497c670707853d9",
            "content_sha256": "16e639bf056574defeef36417b33e4d62c0a99bad92cc80ede9b9763da8ba8bd",
            "content_sha512": "de1fc5cd25457bc3042e1543bc6d40b2d3c7e010a59f445fe0664ab4e42205ea91ca2d16938de0de2655fbd4b232ca7e9328132f850bdf9f40fe4f6a8921adbe",
            "directory_permission": "0777",
            "file_permission": "0600",
            "filename": "./sshkeys/jenkins-master.pem",
            "id": "7b2f8f1a4fa076d2192aa07b0497c670707853d9",
            "sensitive_content": null,
            "source": null
          },
          "sensitive_attributes": [
            [
              {
                "type": "get_attr",
                "value": "content"
              }
            ],
            [
              {
                "type": "get_attr",
                "value": "sensitive_content"
              }
            ]
          ],
          "dependencies": [
            "tls_private_key.Jenkins-master"
          ]
        }
      ]
    },
    {
      "mode": "managed",
      "type": "tls_private_key",
      "name": "Jenkins-master",
      "provider": "provider[\"registry.terraform.io/hashicorp/tls\"]",
      "instances": [
        {
          "schema_version": 1,
          "attributes": {
            "algorithm": "RSA",
            "ecdsa_curve": "P224",
            "id": "9f54b453f93c4022102b570e600ef1a6f40ca9f9",
            "private_key_openssh": "-----BEGIN OPENSSH PRIVATE KEY-----\nb3BlbnNzaC1rZXktdjEAAAAABG5vbmUAAAAEbm9uZQAAAAAAAAABAAACFwAAAAdz\nc2gtcnNhAAAAAwEAAQAAAgEA1MZ7dxs/5PH1bv0+gVE7BKUlkY0KvljxM2DnbK7l\n4NOfQBKVzRiN9otfFQ9n8cn0K5Zw+9KZphh/B1U6Eu+zGdoSX0n/U6vZWU0u4/2l\n7fZxHAWh0Wa3I8NNadjfT+V1TZzVKpT89cU2atfuG3/mg/s2EKkr8R510MctNpHA\nWdqQEGFNxMPnLnqBQsvqTMZzQ/lEo9U2Km6pg070+ar5mLgU0O6qKpSwmIWzhPkL\nS8Seu8dw8/ODklt3tBRR933qGiZ4o50FIh1W+eyeZJQ21zGCuEjFvSqncDEXCCKK\nXv285IkGxBASJiN6aLkE+O9b7PiBD4Lhv5ERscQi3e8iG4lW6+byM13+TrJ7BM8+\nBqHT/B4uN1Zw/enVSl2eeqJyLaUSCG3xaGx3dNB2Z5lNMzJgxhqSNc91OVT1JCT3\ncl8EUx5NQx5UmvwMKWwgJiAZMKZ79nNTi4mj9Ut/j6Y6QzEQYIBQaIDTyWrLWWUO\ntOd1HqWmK1jkuPCHq4OTTCwFkELRvYXqrJl1aPVk36ssmkolP3mRvQrQkd9H5D0k\nBU6r0x2Rj+pJQlW1PJhePhNQV/uoOmwOvyDwTujuEiluxdd5Bil775ejPnnyrd2e\n7iCqizdSBURSGcWR0zOxfD0TtXkRJmKyARm6k6vdQR5vmtZs/sGxpMOgwSHhS5KK\nE/0AAAc42ek44NnpOOAAAAAHc3NoLXJzYQAAAgEA1MZ7dxs/5PH1bv0+gVE7BKUl\nkY0KvljxM2DnbK7l4NOfQBKVzRiN9otfFQ9n8cn0K5Zw+9KZphh/B1U6Eu+zGdoS\nX0n/U6vZWU0u4/2l7fZxHAWh0Wa3I8NNadjfT+V1TZzVKpT89cU2atfuG3/mg/s2\nEKkr8R510MctNpHAWdqQEGFNxMPnLnqBQsvqTMZzQ/lEo9U2Km6pg070+ar5mLgU\n0O6qKpSwmIWzhPkLS8Seu8dw8/ODklt3tBRR933qGiZ4o50FIh1W+eyeZJQ21zGC\nuEjFvSqncDEXCCKKXv285IkGxBASJiN6aLkE+O9b7PiBD4Lhv5ERscQi3e8iG4lW\n6+byM13+TrJ7BM8+BqHT/B4uN1Zw/enVSl2eeqJyLaUSCG3xaGx3dNB2Z5lNMzJg\nxhqSNc91OVT1JCT3cl8EUx5NQx5UmvwMKWwgJiAZMKZ79nNTi4mj9Ut/j6Y6QzEQ\nYIBQaIDTyWrLWWUOtOd1HqWmK1jkuPCHq4OTTCwFkELRvYXqrJl1aPVk36ssmkol\nP3mRvQrQkd9H5D0kBU6r0x2Rj+pJQlW1PJhePhNQV/uoOmwOvyDwTujuEiluxdd5\nBil775ejPnnyrd2e7iCqizdSBURSGcWR0zOxfD0TtXkRJmKyARm6k6vdQR5vmtZs\n/sGxpMOgwSHhS5KKE/0AAAADAQABAAACAQCHbwsZhjPGU6ioi/NkNsM9Mq1WFxOW\nk2B8FptX13+k+q6sBuhpEs8R9iaAbjz4b1bHA8xIzgVU7tS0YzBC62Xx95eoJZ6q\nsID5UaKeJk6eyDW443Dbq+i4j9DPpeaGoYRn8YLRxuG4wl3f5i++O0wMCDOiqTu6\nD2xohs8lo+JujysR8g2hSBz3vaxXSxqI4exugNSK/+SpX6TwWqqd3JFg/xLo5nFU\nBy7c9oWNB0SEZtOurMUd0ouV9jicXC7MPM5s9L3nTsP8sfYxwMYVOS4rDW2qRU/w\nF51aUTTazbmLuzCnuvyegag7tGtvCw26MgkuLgNgTyvIVtuPbkvPPi5TdURuvJH3\nrTqXhZLz3ALtD4j0gWFSyHtkAqBmx4PY22Yh4MDENCPnU1VMx23UZRVumfVGOf6Z\nEm0cVwMBglei1aY75T9p/XB5RyFvehz/0wKQ5daKViSb66+swdoGFASbEeW5u8en\njpdGF8MTbhTbkJ91XBmNP9RiakXJaCuebOxzwra6jHTxvRGeQY7OQWz+FgekuOsV\nVkLhl7vN1LvTpTJBf0LwZBWiQVP85LWQR65nf+ANm4x3ZdutbBjjdjnwOUxddh9p\ntwmD9ok+lrJJDhWNRACdkocGD+HHFYyPZbKbVBi52yY4U7jHdiVXVdLa3zAPOVbb\nEwZ7iueB1VwndQAAAQEA5HryyyGKX2Dj86gndrlkjMPXSxksRj73nqr0OGBqqS0H\nzSKf7JD7EXTk9ViCI8X/GNAStXdJchKWxrgoiQ5WpsVhzlU9HnbDMsd3lM+G6/W+\nzqJC978IugwH9BLmXRUCtQ3PEW7yY+mRHsri7MQp6HL/Qnc3oU0+yRWTqtaiToTc\nwLU+HZTL+MIK2vNoXecvf8UyzycH1Wfss9E7enev63cYV5om1dK4EmXOxGHyi6LW\nz89OvCHZlmAszbe2cwpl/BqP1k+PMw+t8vM+B0IkgU09cJgN7PTSBUFpV23EOfF+\nqjE7TeQadT0BouSkBiG3l1f6D5JrEF4bTn532rk73AAAAQEA9NgfT+gsqHYnn5GA\nVvg043D4mvHW7BwVNn+4wjDRA6rX+N7iGxM+E/VsPqu1wfSIDWAtQ8UjVZtn8DTD\nC+OpJC2BfvCAkDFQUgQWggzpQ+IYBNrV+pUrlLvubvValyAunvYKPj/JylNW9ctX\ngzDgohwgMaS6Wb9f8U8Ya+pOqzocKH192iUxKQreQAnaNp+bfcc2kHlh6hOeWMgr\nZ9pNSACm2aJGz3NXEr3DGlR8xsp0VfUrBlg+DOj6GAN0ARyL/Qyt/ODgpENGxcfo\nuTDIdxUdV2G4jkojmZ9tzQFd1gU6ueG5bBQfb7L7Qj2WsiYiOgxrgf6jer26Tkdd\nlphU8wAAAQEA3nhOa/2iY2gNWNhcukORDuJXa4+RMtjZUkbmLhVuK7ZST3L8Xc2X\nzTvVP5jHQ/0W/E2k+eYigV+gwHvECNzds2KuYB0eewAOMAnJ2faBV3Qj7Ug9OyRY\nSKP0K+Qef+Mt5QBJxDOEsniJ4ZwJUCaQz7QXBZRCDBQbjn3LX7/5sFNc4tFopuVM\n+5xYxYN6Dfo3ZHpL8kVeUSNp3X/BX1VEIYMQa05nOXiFC8IAqLR9Q5I8TIb1IkfI\nbgT3hkvVuFnxhC8kjc77yeA45tT2pItox3wpWNFK5+uX5C7jNhkrk62EP5+rY3Kd\nEpbVznEMCQQA5gB4Fza35o7sYWAN5yPvTwAAAAAB\n-----END OPENSSH PRIVATE KEY-----\n",
            "private_key_pem": "-----BEGIN RSA PRIVATE KEY-----\nMIIJKQIBAAKCAgEA1MZ7dxs/5PH1bv0+gVE7BKUlkY0KvljxM2DnbK7l4NOfQBKV\nzRiN9otfFQ9n8cn0K5Zw+9KZphh/B1U6Eu+zGdoSX0n/U6vZWU0u4/2l7fZxHAWh\n0Wa3I8NNadjfT+V1TZzVKpT89cU2atfuG3/mg/s2EKkr8R510MctNpHAWdqQEGFN\nxMPnLnqBQsvqTMZzQ/lEo9U2Km6pg070+ar5mLgU0O6qKpSwmIWzhPkLS8Seu8dw\n8/ODklt3tBRR933qGiZ4o50FIh1W+eyeZJQ21zGCuEjFvSqncDEXCCKKXv285IkG\nxBASJiN6aLkE+O9b7PiBD4Lhv5ERscQi3e8iG4lW6+byM13+TrJ7BM8+BqHT/B4u\nN1Zw/enVSl2eeqJyLaUSCG3xaGx3dNB2Z5lNMzJgxhqSNc91OVT1JCT3cl8EUx5N\nQx5UmvwMKWwgJiAZMKZ79nNTi4mj9Ut/j6Y6QzEQYIBQaIDTyWrLWWUOtOd1HqWm\nK1jkuPCHq4OTTCwFkELRvYXqrJl1aPVk36ssmkolP3mRvQrQkd9H5D0kBU6r0x2R\nj+pJQlW1PJhePhNQV/uoOmwOvyDwTujuEiluxdd5Bil775ejPnnyrd2e7iCqizdS\nBURSGcWR0zOxfD0TtXkRJmKyARm6k6vdQR5vmtZs/sGxpMOgwSHhS5KKE/0CAwEA\nAQKCAgEAh28LGYYzxlOoqIvzZDbDPTKtVhcTlpNgfBabV9d/pPqurAboaRLPEfYm\ngG48+G9WxwPMSM4FVO7UtGMwQutl8feXqCWeqrCA+VGiniZOnsg1uONw26vouI/Q\nz6XmhqGEZ/GC0cbhuMJd3+YvvjtMDAgzoqk7ug9saIbPJaPibo8rEfINoUgc972s\nV0saiOHsboDUiv/kqV+k8FqqndyRYP8S6OZxVAcu3PaFjQdEhGbTrqzFHdKLlfY4\nnFwuzDzObPS9507D/LH2McDGFTkuKw1tqkVP8BedWlE02s25i7swp7r8noGoO7Rr\nbwsNujIJLi4DYE8ryFbbj25Lzz4uU3VEbryR9606l4WS89wC7Q+I9IFhUsh7ZAKg\nZseD2NtmIeDAxDQj51NVTMdt1GUVbpn1Rjn+mRJtHFcDAYJXotWmO+U/af1weUch\nb3oc/9MCkOXWilYkm+uvrMHaBhQEmxHlubvHp46XRhfDE24U25CfdVwZjT/UYmpF\nyWgrnmzsc8K2uox08b0RnkGOzkFs/hYHpLjrFVZC4Ze7zdS706UyQX9C8GQVokFT\n/OS1kEeuZ3/gDZuMd2XbrWwY43Y58DlMXXYfabcJg/aJPpaySQ4VjUQAnZKHBg/h\nxxWMj2Wym1QYudsmOFO4x3YlV1XS2t8wDzlW2xMGe4rngdVcJ3UCggEBAPTYH0/o\nLKh2J5+RgFb4NONw+Jrx1uwcFTZ/uMIw0QOq1/je4hsTPhP1bD6rtcH0iA1gLUPF\nI1WbZ/A0wwvjqSQtgX7wgJAxUFIEFoIM6UPiGATa1fqVK5S77m71WpcgLp72Cj4/\nycpTVvXLV4Mw4KIcIDGkulm/X/FPGGvqTqs6HCh9fdolMSkK3kAJ2jafm33HNpB5\nYeoTnljIK2faTUgAptmiRs9zVxK9wxpUfMbKdFX1KwZYPgzo+hgDdAEci/0Mrfzg\n4KRDRsXH6LkwyHcVHVdhuI5KI5mfbc0BXdYFOrnhuWwUH2+y+0I9lrImIjoMa4H+\no3q9uk5HXZaYVPMCggEBAN54Tmv9omNoDVjYXLpDkQ7iV2uPkTLY2VJG5i4Vbiu2\nUk9y/F3Nl8071T+Yx0P9FvxNpPnmIoFfoMB7xAjc3bNirmAdHnsADjAJydn2gVd0\nI+1IPTskWEij9CvkHn/jLeUAScQzhLJ4ieGcCVAmkM+0FwWUQgwUG459y1+/+bBT\nXOLRaKblTPucWMWDeg36N2R6S/JFXlEjad1/wV9VRCGDEGtOZzl4hQvCAKi0fUOS\nPEyG9SJHyG4E94ZL1bhZ8YQvJI3O+8ngOObU9qSLaMd8KVjRSufrl+Qu4zYZK5Ot\nhD+fq2NynRKW1c5xDAkEAOYAeBc2t+aO7GFgDecj708CggEAMyvsN2Yd10OCen4N\nZZ/QZeyZeMCsm4IvCMne0m8jb/HH25KxjNkTs1YqvlpizVuPB8SfETflb6HgMjrE\nvPpiwlXkZ6RaKki0Mb/6+Ek8g1yAips1934vspEofvY2bbljJQPlFid8xBVw6kQK\nUTfo6tiX/eggrlsp8SQHxZ4dvPmTIv8/S1VUlfBYjOfCPIJVHA+DnuRPi314LbQA\nJl9goXjJZljdFcRUYW1Zlmor/dwYPlLUICpXJZmXk2c9WnId69A3mM9jA9Gvu+xQ\n/ktsyj6WeEnLKanjENtaNmtfsjg7ktfTSfxWqaCtlKWMlkUUCC/KVEvk3OVER9Hw\nhGXn8wKCAQArdDJVM6CBbDSXMwPBuireTmWm8873sJWaVZDmVXdEgINJU3tp0xug\nkdxQZMYfSJMxyvS7fzEkNgqPLl2XIZUIUfEfgvCOM++RgIf11AlljKDr2x1irPG1\nlpi97fvrHPO89DZ0ZV+5AIRmFfVXu4CzoUiR5WiVNWRAi9+qnzPlNhNBloerecR0\nrRBF3C1+B27EaILnGpeWn6UxB6A8v8nkBdayLwlIl3rdVhKM4VxKU4kFpaLCBGVo\n3/19NNjU/nSHTjIEpPZXcz2KEPTwJO7dcCofWBoafNEZV/M3gOkbGlxnlQeEEEIP\n/Hhcr4YbSLXoNxU964k2NpqDVqDAkitPAoIBAQDkevLLIYpfYOPzqCd2uWSMw9dL\nGSxGPveeqvQ4YGqpLQfNIp/skPsRdOT1WIIjxf8Y0BK1d0lyEpbGuCiJDlamxWHO\nVT0edsMyx3eUz4br9b7OokL3vwi6DAf0EuZdFQK1Dc8RbvJj6ZEeyuLsxCnocv9C\ndzehTT7JFZOq1qJOhNzAtT4dlMv4wgra82hd5y9/xTLPJwfVZ+yz0Tt6d6/rdxhX\nmibV0rgSZc7EYfKLotbPz068IdmWYCzNt7ZzCmX8Go/WT48zD63y8z4HQiSBTT1w\nmA3s9NIFQWlXbcQ58X6qMTtN5Bp1PQGi5KQGIbeXV/oPkmsQXhtOfnfauTvc\n-----END RSA PRIVATE KEY-----\n",
            "private_key_pem_pkcs8": "-----BEGIN PRIVATE KEY-----\nMIIJQwIBADANBgkqhkiG9w0BAQEFAASCCS0wggkpAgEAAoICAQDUxnt3Gz/k8fVu\n/T6BUTsEpSWRjQq+WPEzYOdsruXg059AEpXNGI32i18VD2fxyfQrlnD70pmmGH8H\nVToS77MZ2hJfSf9Tq9lZTS7j/aXt9nEcBaHRZrcjw01p2N9P5XVNnNUqlPz1xTZq\n1+4bf+aD+zYQqSvxHnXQxy02kcBZ2pAQYU3Ew+cueoFCy+pMxnND+USj1TYqbqmD\nTvT5qvmYuBTQ7qoqlLCYhbOE+QtLxJ67x3Dz84OSW3e0FFH3feoaJnijnQUiHVb5\n7J5klDbXMYK4SMW9KqdwMRcIIope/bzkiQbEEBImI3pouQT471vs+IEPguG/kRGx\nxCLd7yIbiVbr5vIzXf5OsnsEzz4GodP8Hi43VnD96dVKXZ56onItpRIIbfFobHd0\n0HZnmU0zMmDGGpI1z3U5VPUkJPdyXwRTHk1DHlSa/AwpbCAmIBkwpnv2c1OLiaP1\nS3+PpjpDMRBggFBogNPJastZZQ6053UepaYrWOS48Ierg5NMLAWQQtG9heqsmXVo\n9WTfqyyaSiU/eZG9CtCR30fkPSQFTqvTHZGP6klCVbU8mF4+E1BX+6g6bA6/IPBO\n6O4SKW7F13kGKXvvl6M+efKt3Z7uIKqLN1IFRFIZxZHTM7F8PRO1eREmYrIBGbqT\nq91BHm+a1mz+wbGkw6DBIeFLkooT/QIDAQABAoICAQCHbwsZhjPGU6ioi/NkNsM9\nMq1WFxOWk2B8FptX13+k+q6sBuhpEs8R9iaAbjz4b1bHA8xIzgVU7tS0YzBC62Xx\n95eoJZ6qsID5UaKeJk6eyDW443Dbq+i4j9DPpeaGoYRn8YLRxuG4wl3f5i++O0wM\nCDOiqTu6D2xohs8lo+JujysR8g2hSBz3vaxXSxqI4exugNSK/+SpX6TwWqqd3JFg\n/xLo5nFUBy7c9oWNB0SEZtOurMUd0ouV9jicXC7MPM5s9L3nTsP8sfYxwMYVOS4r\nDW2qRU/wF51aUTTazbmLuzCnuvyegag7tGtvCw26MgkuLgNgTyvIVtuPbkvPPi5T\ndURuvJH3rTqXhZLz3ALtD4j0gWFSyHtkAqBmx4PY22Yh4MDENCPnU1VMx23UZRVu\nmfVGOf6ZEm0cVwMBglei1aY75T9p/XB5RyFvehz/0wKQ5daKViSb66+swdoGFASb\nEeW5u8enjpdGF8MTbhTbkJ91XBmNP9RiakXJaCuebOxzwra6jHTxvRGeQY7OQWz+\nFgekuOsVVkLhl7vN1LvTpTJBf0LwZBWiQVP85LWQR65nf+ANm4x3ZdutbBjjdjnw\nOUxddh9ptwmD9ok+lrJJDhWNRACdkocGD+HHFYyPZbKbVBi52yY4U7jHdiVXVdLa\n3zAPOVbbEwZ7iueB1VwndQKCAQEA9NgfT+gsqHYnn5GAVvg043D4mvHW7BwVNn+4\nwjDRA6rX+N7iGxM+E/VsPqu1wfSIDWAtQ8UjVZtn8DTDC+OpJC2BfvCAkDFQUgQW\nggzpQ+IYBNrV+pUrlLvubvValyAunvYKPj/JylNW9ctXgzDgohwgMaS6Wb9f8U8Y\na+pOqzocKH192iUxKQreQAnaNp+bfcc2kHlh6hOeWMgrZ9pNSACm2aJGz3NXEr3D\nGlR8xsp0VfUrBlg+DOj6GAN0ARyL/Qyt/ODgpENGxcfouTDIdxUdV2G4jkojmZ9t\nzQFd1gU6ueG5bBQfb7L7Qj2WsiYiOgxrgf6jer26TkddlphU8wKCAQEA3nhOa/2i\nY2gNWNhcukORDuJXa4+RMtjZUkbmLhVuK7ZST3L8Xc2XzTvVP5jHQ/0W/E2k+eYi\ngV+gwHvECNzds2KuYB0eewAOMAnJ2faBV3Qj7Ug9OyRYSKP0K+Qef+Mt5QBJxDOE\nsniJ4ZwJUCaQz7QXBZRCDBQbjn3LX7/5sFNc4tFopuVM+5xYxYN6Dfo3ZHpL8kVe\nUSNp3X/BX1VEIYMQa05nOXiFC8IAqLR9Q5I8TIb1IkfIbgT3hkvVuFnxhC8kjc77\nyeA45tT2pItox3wpWNFK5+uX5C7jNhkrk62EP5+rY3KdEpbVznEMCQQA5gB4Fza3\n5o7sYWAN5yPvTwKCAQAzK+w3Zh3XQ4J6fg1ln9Bl7Jl4wKybgi8Iyd7SbyNv8cfb\nkrGM2ROzViq+WmLNW48HxJ8RN+VvoeAyOsS8+mLCVeRnpFoqSLQxv/r4STyDXICK\nmzX3fi+ykSh+9jZtuWMlA+UWJ3zEFXDqRApRN+jq2Jf96CCuWynxJAfFnh28+ZMi\n/z9LVVSV8FiM58I8glUcD4Oe5E+LfXgttAAmX2CheMlmWN0VxFRhbVmWaiv93Bg+\nUtQgKlclmZeTZz1ach3r0DeYz2MD0a+77FD+S2zKPpZ4ScspqeMQ21o2a1+yODuS\n19NJ/FapoK2UpYyWRRQIL8pUS+Tc5URH0fCEZefzAoIBACt0MlUzoIFsNJczA8G6\nKt5OZabzzvewlZpVkOZVd0SAg0lTe2nTG6CR3FBkxh9IkzHK9Lt/MSQ2Co8uXZch\nlQhR8R+C8I4z75GAh/XUCWWMoOvbHWKs8bWWmL3t++sc87z0NnRlX7kAhGYV9Ve7\ngLOhSJHlaJU1ZECL36qfM+U2E0GWh6t5xHStEEXcLX4HbsRogucal5afpTEHoDy/\nyeQF1rIvCUiXet1WEozhXEpTiQWlosIEZWjf/X002NT+dIdOMgSk9ldzPYoQ9PAk\n7t1wKh9YGhp80RlX8zeA6RsaXGeVB4QQQg/8eFyvhhtIteg3FT3riTY2moNWoMCS\nK08CggEBAOR68sshil9g4/OoJ3a5ZIzD10sZLEY+956q9DhgaqktB80in+yQ+xF0\n5PVYgiPF/xjQErV3SXISlsa4KIkOVqbFYc5VPR52wzLHd5TPhuv1vs6iQve/CLoM\nB/QS5l0VArUNzxFu8mPpkR7K4uzEKehy/0J3N6FNPskVk6rWok6E3MC1Ph2Uy/jC\nCtrzaF3nL3/FMs8nB9Vn7LPRO3p3r+t3GFeaJtXSuBJlzsRh8oui1s/PTrwh2ZZg\nLM23tnMKZfwaj9ZPjzMPrfLzPgdCJIFNPXCYDez00gVBaVdtxDnxfqoxO03kGnU9\nAaLkpAYht5dX+g+SaxBeG05+d9q5O9w=\n-----END PRIVATE KEY-----\n",
            "public_key_fingerprint_md5": "db:0c:1f:e3:8e:0b:dc:3c:24:6b:3c:7c:0c:a9:63:01",
            "public_key_fingerprint_sha256": "SHA256:f4zGNMVB3XSVYpeq9p4y17b4AYD70F1sOzu+XbqIVj8",
            "public_key_openssh": "ssh-rsa AAAAB3NzaC1yc2EAAAADAQABAAACAQDUxnt3Gz/k8fVu/T6BUTsEpSWRjQq+WPEzYOdsruXg059AEpXNGI32i18VD2fxyfQrlnD70pmmGH8HVToS77MZ2hJfSf9Tq9lZTS7j/aXt9nEcBaHRZrcjw01p2N9P5XVNnNUqlPz1xTZq1+4bf+aD+zYQqSvxHnXQxy02kcBZ2pAQYU3Ew+cueoFCy+pMxnND+USj1TYqbqmDTvT5qvmYuBTQ7qoqlLCYhbOE+QtLxJ67x3Dz84OSW3e0FFH3feoaJnijnQUiHVb57J5klDbXMYK4SMW9KqdwMRcIIope/bzkiQbEEBImI3pouQT471vs+IEPguG/kRGxxCLd7yIbiVbr5vIzXf5OsnsEzz4GodP8Hi43VnD96dVKXZ56onItpRIIbfFobHd00HZnmU0zMmDGGpI1z3U5VPUkJPdyXwRTHk1DHlSa/AwpbCAmIBkwpnv2c1OLiaP1S3+PpjpDMRBggFBogNPJastZZQ6053UepaYrWOS48Ierg5NMLAWQQtG9heqsmXVo9WTfqyyaSiU/eZG9CtCR30fkPSQFTqvTHZGP6klCVbU8mF4+E1BX+6g6bA6/IPBO6O4SKW7F13kGKXvvl6M+efKt3Z7uIKqLN1IFRFIZxZHTM7F8PRO1eREmYrIBGbqTq91BHm+a1mz+wbGkw6DBIeFLkooT/Q==\n",
            "public_key_pem": "-----BEGIN PUBLIC KEY-----\nMIICIjANBgkqhkiG9w0BAQEFAAOCAg8AMIICCgKCAgEA1MZ7dxs/5PH1bv0+gVE7\nBKUlkY0KvljxM2DnbK7l4NOfQBKVzRiN9otfFQ9n8cn0K5Zw+9KZphh/B1U6Eu+z\nGdoSX0n/U6vZWU0u4/2l7fZxHAWh0Wa3I8NNadjfT+V1TZzVKpT89cU2atfuG3/m\ng/s2EKkr8R510MctNpHAWdqQEGFNxMPnLnqBQsvqTMZzQ/lEo9U2Km6pg070+ar5\nmLgU0O6qKpSwmIWzhPkLS8Seu8dw8/ODklt3tBRR933qGiZ4o50FIh1W+eyeZJQ2\n1zGCuEjFvSqncDEXCCKKXv285IkGxBASJiN6aLkE+O9b7PiBD4Lhv5ERscQi3e8i\nG4lW6+byM13+TrJ7BM8+BqHT/B4uN1Zw/enVSl2eeqJyLaUSCG3xaGx3dNB2Z5lN\nMzJgxhqSNc91OVT1JCT3cl8EUx5NQx5UmvwMKWwgJiAZMKZ79nNTi4mj9Ut/j6Y6\nQzEQYIBQaIDTyWrLWWUOtOd1HqWmK1jkuPCHq4OTTCwFkELRvYXqrJl1aPVk36ss\nmkolP3mRvQrQkd9H5D0kBU6r0x2Rj+pJQlW1PJhePhNQV/uoOmwOvyDwTujuEilu\nxdd5Bil775ejPnnyrd2e7iCqizdSBURSGcWR0zOxfD0TtXkRJmKyARm6k6vdQR5v\nmtZs/sGxpMOgwSHhS5KKE/0CAwEAAQ==\n-----END PUBLIC KEY-----\n",
            "rsa_bits": 4096
          },
          "sensitive_attributes": [
            [
              {
                "type": "get_attr",
                "value": "private_key_pem"
              }
            ],
            [
              {
                "type": "get_attr",
                "value": "private_key_pem_pkcs8"
              }
            ],
            [
              {
                "type": "get_attr",
                "value": "private_key_openssh"
              }
            ]
          ]
        }
      ]
    }
  ],
  "check_results": null
}
